{
  "version": 4,
  "terraform_version": "1.7.0",
  "serial": 15,
  "lineage": "2b1c09b2-a3b7-b1c3-10ea-f1ea58f378b4",
  "outputs": {},
  "resources": [
    {
      "mode": "data",
      "type": "aws_iam_policy_document",
      "name": "role",
      "provider": "provider[\"registry.terraform.io/hashicorp/aws\"]",
      "instances": [
        {
          "schema_version": 0,
          "attributes": {
            "id": "3693445097",
            "json": "{\n  \"Version\": \"2012-10-17\",\n  \"Statement\": [\n    {\n      \"Sid\": \"\",\n      \"Effect\": \"Allow\",\n      \"Action\": \"sts:AssumeRole\",\n      \"Principal\": {\n        \"Service\": \"lambda.amazonaws.com\"\n      }\n    }\n  ]\n}",
            "override_json": null,
            "override_policy_documents": null,
            "policy_id": null,
            "source_json": null,
            "source_policy_documents": null,
            "statement": [
              {
                "actions": [
                  "sts:AssumeRole"
                ],
                "condition": [],
                "effect": "Allow",
                "not_actions": [],
                "not_principals": [],
                "not_resources": [],
                "principals": [
                  {
                    "identifiers": [
                      "lambda.amazonaws.com"
                    ],
                    "type": "Service"
                  }
                ],
                "resources": [],
                "sid": ""
              }
            ],
            "version": "2012-10-17"
          },
          "sensitive_attributes": []
        }
      ]
    },
    {
      "mode": "managed",
      "type": "aws_api_gateway_resource",
      "name": "HelloWorldResource",
      "provider": "provider[\"registry.terraform.io/hashicorp/aws\"]",
      "instances": [
        {
          "index_key": "partOne",
          "schema_version": 0,
          "attributes": {
            "id": "xejbwj",
            "parent_id": "2d8o72mjqi",
            "path": "/partOne",
            "path_part": "partOne",
            "rest_api_id": "8l1vuu0arj"
          },
          "sensitive_attributes": [],
          "private": "bnVsbA==",
          "dependencies": [
            "aws_api_gateway_rest_api.HelloWorldAPI"
          ]
        },
        {
          "index_key": "partThree",
          "schema_version": 0,
          "attributes": {
            "id": "yqtywj",
            "parent_id": "2d8o72mjqi",
            "path": "/partThree",
            "path_part": "partThree",
            "rest_api_id": "8l1vuu0arj"
          },
          "sensitive_attributes": [],
          "private": "bnVsbA==",
          "dependencies": [
            "aws_api_gateway_rest_api.HelloWorldAPI"
          ]
        },
        {
          "index_key": "partTwo",
          "schema_version": 0,
          "attributes": {
            "id": "bpsc48",
            "parent_id": "2d8o72mjqi",
            "path": "/partTwo",
            "path_part": "partTwo",
            "rest_api_id": "8l1vuu0arj"
          },
          "sensitive_attributes": [],
          "private": "bnVsbA==",
          "dependencies": [
            "aws_api_gateway_rest_api.HelloWorldAPI"
          ]
        }
      ]
    },
    {
      "mode": "managed",
      "type": "aws_api_gateway_rest_api",
      "name": "HelloWorldAPI",
      "provider": "provider[\"registry.terraform.io/hashicorp/aws\"]",
      "instances": [
        {
          "schema_version": 0,
          "attributes": {
            "api_key_source": "HEADER",
            "arn": "arn:aws:apigateway:us-west-2::/restapis/8l1vuu0arj",
            "binary_media_types": [],
            "body": null,
            "created_date": "2024-04-13T00:52:21Z",
            "description": "",
            "disable_execute_api_endpoint": false,
            "endpoint_configuration": [
              {
                "types": [
                  "REGIONAL"
                ],
                "vpc_endpoint_ids": []
              }
            ],
            "execution_arn": "arn:aws:execute-api:us-west-2:654654627398:8l1vuu0arj",
            "fail_on_warnings": null,
            "id": "8l1vuu0arj",
            "minimum_compression_size": -1,
            "name": "AssignmentAPIGateway",
            "parameters": null,
            "policy": "",
            "put_rest_api_mode": null,
            "root_resource_id": "2d8o72mjqi",
            "tags": {},
            "tags_all": {}
          },
          "sensitive_attributes": [],
          "private": "bnVsbA=="
        }
      ]
    },
    {
      "mode": "managed",
      "type": "aws_iam_role",
      "name": "part_one_role",
      "provider": "provider[\"registry.terraform.io/hashicorp/aws\"]",
      "instances": [
        {
          "schema_version": 0,
          "attributes": {
            "arn": "arn:aws:iam::654654627398:role/terraform-20240413005220921800000001",
            "assume_role_policy": "{\"Statement\":[{\"Action\":\"sts:AssumeRole\",\"Effect\":\"Allow\",\"Principal\":{\"Service\":\"lambda.amazonaws.com\"},\"Sid\":\"\"}],\"Version\":\"2012-10-17\"}",
            "create_date": "2024-04-13T00:52:21Z",
            "description": "",
            "force_detach_policies": false,
            "id": "terraform-20240413005220921800000001",
            "inline_policy": [],
            "managed_policy_arns": [],
            "max_session_duration": 3600,
            "name": "terraform-20240413005220921800000001",
            "name_prefix": "terraform-",
            "path": "/",
            "permissions_boundary": null,
            "role_last_used": [
              {
                "last_used_date": "",
                "region": ""
              }
            ],
            "tags": {},
            "tags_all": {},
            "unique_id": "AROAZQ3DU3ZDOZSP7VTJS"
          },
          "sensitive_attributes": [],
          "private": "bnVsbA==",
          "dependencies": [
            "data.aws_iam_policy_document.role"
          ]
        }
      ]
    },
    {
      "mode": "managed",
      "type": "time_sleep",
      "name": "wait_30_seconds",
      "provider": "provider[\"registry.terraform.io/hashicorp/time\"]",
      "instances": [
        {
          "schema_version": 0,
          "attributes": {
            "create_duration": "30s",
            "destroy_duration": null,
            "id": "2024-04-13T00:52:50Z",
            "triggers": null
          },
          "sensitive_attributes": []
        }
      ]
    }
  ],
  "check_results": null
}
